{
  "name": "ofa-frontend-lab-2025",
  "version": "1.0.0",
  "lockfileVersion": 3,
  "requires": true,
  "packages": {
    "": {
      "name": "ofa-frontend-lab-2025",
      "version": "1.0.0",
      "license": "ISC",
      "dependencies": {
        "p5": "^2.0.3"
      },
      "devDependencies": {
        "@types/p5": "^1.7.6",
        "typescript": "^5.8.3"
      }
    },
    "node_modules/@babel/runtime": {
      "version": "7.28.2",
      "resolved": "https://registry.npmjs.org/@babel/runtime/-/runtime-7.28.2.tgz",
      "integrity": "sha512-KHp2IflsnGywDjBWDkR9iEqiWSpc8GIi0lgTT3mOElT0PP1tG26P4tmFI2YvAdzgq9RGyoHZQEIEdZy6Ec5xCA==",
      "license": "MIT",
      "engines": {
        "node": ">=6.9.0"
      }
    },
    "node_modules/@dav